
Microsoft Visual Studio Solution File, Format Version 12.00
# Visual Studio Version 17
VisualStudioVersion = 17.11.35312.102
MinimumVisualStudioVersion = 10.0.40219.1
Project("{FAE04EC0-301F-11D3-BF4B-00C04F79EFBC}") = "Tumakov_lab7", "Tumakov_lab7\Tumakov_lab7.csproj", "{04BB29BE-7E4C-46C3-9052-899E1DC98162}"
EndProject
Project("{FAE04EC0-301F-11D3-BF4B-00C04F79EFBC}") = "Task_From_File6", "Task_From_File5\Task_From_File6.csproj", "{F2B25B4A-7BC0-49A8-8B2A-1A6CDB512377}"
EndProject
Global
	GlobalSection(SolutionConfigurationPlatforms) = preSolution
		Debug|Any CPU = Debug|Any CPU
		Release|Any CPU = Release|Any CPU
	EndGlobalSection
	GlobalSection(ProjectConfigurationPlatforms) = postSolution
		{04BB29BE-7E4C-46C3-9052-899E1DC98162}.Debug|Any CPU.ActiveCfg = Debug|Any CPU
		{04BB29BE-7E4C-46C3-9052-899E1DC98162}.Debug|Any CPU.Build.0 = Debug|Any CPU
		{04BB29BE-7E4C-46C3-9052-899E1DC98162}.Release|Any CPU.ActiveCfg = Release|Any CPU
		{04BB29BE-7E4C-46C3-9052-899E1DC98162}.Release|Any CPU.Build.0 = Release|Any CPU
		{F2B25B4A-7BC0-49A8-8B2A-1A6CDB512377}.Debug|Any CPU.ActiveCfg = Debug|Any CPU
		{F2B25B4A-7BC0-49A8-8B2A-1A6CDB512377}.Debug|Any CPU.Build.0 = Debug|Any CPU
		{F2B25B4A-7BC0-49A8-8B2A-1A6CDB512377}.Release|Any CPU.ActiveCfg = Release|Any CPU
		{F2B25B4A-7BC0-49A8-8B2A-1A6CDB512377}.Release|Any CPU.Build.0 = Release|Any CPU
	EndGlobalSection
	GlobalSection(SolutionProperties) = preSolution
		HideSolutionNode = FALSE
	EndGlobalSection
	GlobalSection(ExtensibilityGlobals) = postSolution
		SolutionGuid = {B5612DD0-3EAE-4C7D-B2A4-BB50C01537B6}
	EndGlobalSection
EndGlobal
